// !$*UTF8*$!
{
	archiveVersion = 1;
	classes = {
	};
	objectVersion = 56;
	objects = {

/* Begin PBXBuildFile section */
		9828600C2B166A2F004E41F1 /* UIImage+Extension.swift in Sources */ = {isa = PBXBuildFile; fileRef = 9828600B2B166A2F004E41F1 /* UIImage+Extension.swift */; };
		9828600E2B173276004E41F1 /* Spinner.swift in Sources */ = {isa = PBXBuildFile; fileRef = 9828600D2B173276004E41F1 /* Spinner.swift */; };
		9854E97E2B10B08E0088DCE7 /* PokemonDetailViewController.swift in Sources */ = {isa = PBXBuildFile; fileRef = 9854E97D2B10B08E0088DCE7 /* PokemonDetailViewController.swift */; };
		98B470DD2B0B7C9F003D77D4 /* AppDelegate.swift in Sources */ = {isa = PBXBuildFile; fileRef = 98B470DC2B0B7C9F003D77D4 /* AppDelegate.swift */; };
		98B470DF2B0B7C9F003D77D4 /* SceneDelegate.swift in Sources */ = {isa = PBXBuildFile; fileRef = 98B470DE2B0B7C9F003D77D4 /* SceneDelegate.swift */; };
		98B470E12B0B7C9F003D77D4 /* PokemonListViewController.swift in Sources */ = {isa = PBXBuildFile; fileRef = 98B470E02B0B7C9F003D77D4 /* PokemonListViewController.swift */; };
		98B470E42B0B7C9F003D77D4 /* Main.storyboard in Resources */ = {isa = PBXBuildFile; fileRef = 98B470E22B0B7C9F003D77D4 /* Main.storyboard */; };
		98B470E62B0B7CA2003D77D4 /* Assets.xcassets in Resources */ = {isa = PBXBuildFile; fileRef = 98B470E52B0B7CA2003D77D4 /* Assets.xcassets */; };
		98B470E92B0B7CA2003D77D4 /* LaunchScreen.storyboard in Resources */ = {isa = PBXBuildFile; fileRef = 98B470E72B0B7CA2003D77D4 /* LaunchScreen.storyboard */; };
		98B470F12B0CA93B003D77D4 /* PokemonManager.swift in Sources */ = {isa = PBXBuildFile; fileRef = 98B470F02B0CA93B003D77D4 /* PokemonManager.swift */; };
		98B470F32B0CAB35003D77D4 /* Pokemon.swift in Sources */ = {isa = PBXBuildFile; fileRef = 98B470F22B0CAB35003D77D4 /* Pokemon.swift */; };
		98B470F52B0CCB32003D77D4 /* CustomTableViewCell.swift in Sources */ = {isa = PBXBuildFile; fileRef = 98B470F42B0CCB32003D77D4 /* CustomTableViewCell.swift */; };
/* End PBXBuildFile section */

/* Begin PBXFileReference section */
		9828600B2B166A2F004E41F1 /* UIImage+Extension.swift */ = {isa = PBXFileReference; lastKnownFileType = sourcecode.swift; path = "UIImage+Extension.swift"; sourceTree = "<group>"; };
		9828600D2B173276004E41F1 /* Spinner.swift */ = {isa = PBXFileReference; lastKnownFileType = sourcecode.swift; path = Spinner.swift; sourceTree = "<group>"; };
		9854E97D2B10B08E0088DCE7 /* PokemonDetailViewController.swift */ = {isa = PBXFileReference; lastKnownFileType = sourcecode.swift; path = PokemonDetailViewController.swift; sourceTree = "<group>"; };
		98B470D92B0B7C9F003D77D4 /* Pokedex Alberto.app */ = {isa = PBXFileReference; explicitFileType = wrapper.application; includeInIndex = 0; path = "Pokedex Alberto.app"; sourceTree = BUILT_PRODUCTS_DIR; };
		98B470DC2B0B7C9F003D77D4 /* AppDelegate.swift */ = {isa = PBXFileReference; lastKnownFileType = sourcecode.swift; path = AppDelegate.swift; sourceTree = "<group>"; };
		98B470DE2B0B7C9F003D77D4 /* SceneDelegate.swift */ = {isa = PBXFileReference; lastKnownFileType = sourcecode.swift; path = SceneDelegate.swift; sourceTree = "<group>"; };
		98B470E02B0B7C9F003D77D4 /* PokemonListViewController.swift */ = {isa = PBXFileReference; lastKnownFileType = sourcecode.swift; path = PokemonListViewController.swift; sourceTree = "<group>"; };
		98B470E32B0B7C9F003D77D4 /* Base */ = {isa = PBXFileReference; lastKnownFileType = file.storyboard; name = Base; path = Base.lproj/Main.storyboard; sourceTree = "<group>"; };
		98B470E52B0B7CA2003D77D4 /* Assets.xcassets */ = {isa = PBXFileReference; lastKnownFileType = folder.assetcatalog; path = Assets.xcassets; sourceTree = "<group>"; };
		98B470E82B0B7CA2003D77D4 /* Base */ = {isa = PBXFileReference; lastKnownFileType = file.storyboard; name = Base; path = Base.lproj/LaunchScreen.storyboard; sourceTree = "<group>"; };
		98B470EA2B0B7CA2003D77D4 /* Info.plist */ = {isa = PBXFileReference; lastKnownFileType = text.plist.xml; path = Info.plist; sourceTree = "<group>"; };
		98B470F02B0CA93B003D77D4 /* PokemonManager.swift */ = {isa = PBXFileReference; lastKnownFileType = sourcecode.swift; path = PokemonManager.swift; sourceTree = "<group>"; };
		98B470F22B0CAB35003D77D4 /* Pokemon.swift */ = {isa = PBXFileReference; lastKnownFileType = sourcecode.swift; path = Pokemon.swift; sourceTree = "<group>"; };
		98B470F42B0CCB32003D77D4 /* CustomTableViewCell.swift */ = {isa = PBXFileReference; lastKnownFileType = sourcecode.swift; path = CustomTableViewCell.swift; sourceTree = "<group>"; };
/* End PBXFileReference section */

/* Begin PBXFrameworksBuildPhase section */
		98B470D62B0B7C9F003D77D4 /* Frameworks */ = {
			isa = PBXFrameworksBuildPhase;
			buildActionMask = 2147483647;
			files = (
			);
			runOnlyForDeploymentPostprocessing = 0;
		};
/* End PBXFrameworksBuildPhase section */

/* Begin PBXGroup section */
		9828600A2B166A0A004E41F1 /* Extensions */ = {
			isa = PBXGroup;
			children = (
				9828600B2B166A2F004E41F1 /* UIImage+Extension.swift */,
			);
			path = Extensions;
			sourceTree = "<group>";
		};
		9854E97B2B10B0200088DCE7 /* Resources */ = {
			isa = PBXGroup;
			children = (
				98B470E52B0B7CA2003D77D4 /* Assets.xcassets */,
				98B470E22B0B7C9F003D77D4 /* Main.storyboard */,
				98B470E72B0B7CA2003D77D4 /* LaunchScreen.storyboard */,
			);
			path = Resources;
			sourceTree = "<group>";
		};
		9854E97C2B10B03D0088DCE7 /* Models */ = {
			isa = PBXGroup;
			children = (
				98B470F22B0CAB35003D77D4 /* Pokemon.swift */,
				98B470F02B0CA93B003D77D4 /* PokemonManager.swift */,
			);
			path = Models;
			sourceTree = "<group>";
		};
		98AF34AE2B1A4F8E00074920 /* Views */ = {
			isa = PBXGroup;
			children = (
				98B470F42B0CCB32003D77D4 /* CustomTableViewCell.swift */,
				9828600D2B173276004E41F1 /* Spinner.swift */,
			);
			path = Views;
			sourceTree = "<group>";
		};
		98AF34AF2B1A4FC300074920 /* ViewControllers */ = {
			isa = PBXGroup;
			children = (
				98B470E02B0B7C9F003D77D4 /* PokemonListViewController.swift */,
				9854E97D2B10B08E0088DCE7 /* PokemonDetailViewController.swift */,
			);
			path = ViewControllers;
			sourceTree = "<group>";
		};
		98AF34B02B1A4FDF00074920 /* Application Support */ = {
			isa = PBXGroup;
			children = (
				98B470DE2B0B7C9F003D77D4 /* SceneDelegate.swift */,
				98B470DC2B0B7C9F003D77D4 /* AppDelegate.swift */,
			);
			path = "Application Support";
			sourceTree = "<group>";
		};
		98B470D02B0B7C9F003D77D4 = {
			isa = PBXGroup;
			children = (
				98B470DB2B0B7C9F003D77D4 /* Pokedex Alberto */,
				98B470DA2B0B7C9F003D77D4 /* Products */,
			);
			sourceTree = "<group>";
		};
		98B470DA2B0B7C9F003D77D4 /* Products */ = {
			isa = PBXGroup;
			children = (
				98B470D92B0B7C9F003D77D4 /* Pokedex Alberto.app */,
			);
			name = Products;
			sourceTree = "<group>";
		};
		98B470DB2B0B7C9F003D77D4 /* Pokedex Alberto */ = {
			isa = PBXGroup;
			children = (
				98AF34AF2B1A4FC300074920 /* ViewControllers */,
				9854E97C2B10B03D0088DCE7 /* Models */,
				98AF34AE2B1A4F8E00074920 /* Views */,
				9828600A2B166A0A004E41F1 /* Extensions */,
				98AF34B02B1A4FDF00074920 /* Application Support */,
				9854E97B2B10B0200088DCE7 /* Resources */,
				98B470EA2B0B7CA2003D77D4 /* Info.plist */,
			);
			path = "Pokedex Alberto";
			sourceTree = "<group>";
		};
/* End PBXGroup section */

/* Begin PBXNativeTarget section */
		98B470D82B0B7C9F003D77D4 /* Pokedex Alberto */ = {
			isa = PBXNativeTarget;
			buildConfigurationList = 98B470ED2B0B7CA2003D77D4 /* Build configuration list for PBXNativeTarget "Pokedex Alberto" */;
			buildPhases = (
				98B470D52B0B7C9F003D77D4 /* Sources */,
				98B470D62B0B7C9F003D77D4 /* Frameworks */,
				98B470D72B0B7C9F003D77D4 /* Resources */,
			);
			buildRules = (
			);
			dependencies = (
			);
			name = "Pokedex Alberto";
			productName = "Pokedex Alberto";
			productReference = 98B470D92B0B7C9F003D77D4 /* Pokedex Alberto.app */;
			productType = "com.apple.product-type.application";
		};
/* End PBXNativeTarget section */

/* Begin PBXProject section */
		98B470D12B0B7C9F003D77D4 /* Project object */ = {
			isa = PBXProject;
			attributes = {
				BuildIndependentTargetsInParallel = 1;
				LastSwiftUpdateCheck = 1430;
				LastUpgradeCheck = 1430;
				TargetAttributes = {
					98B470D82B0B7C9F003D77D4 = {
						CreatedOnToolsVersion = 14.3.1;
					};
				};
			};
			buildConfigurationList = 98B470D42B0B7C9F003D77D4 /* Build configuration list for PBXProject "Pokedex Alberto" */;
			compatibilityVersion = "Xcode 14.0";
			developmentRegion = en;
			hasScannedForEncodings = 0;
			knownRegions = (
				en,
				Base,
			);
			mainGroup = 98B470D02B0B7C9F003D77D4;
			productRefGroup = 98B470DA2B0B7C9F003D77D4 /* Products */;
			projectDirPath = "";
			projectRoot = "";
			targets = (
				98B470D82B0B7C9F003D77D4 /* Pokedex Alberto */,
			);
		};
/* End PBXProject section */

/* Begin PBXResourcesBuildPhase section */
		98B470D72B0B7C9F003D77D4 /* Resources */ = {
			isa = PBXResourcesBuildPhase;
			buildActionMask = 2147483647;
			files = (
				98B470E92B0B7CA2003D77D4 /* LaunchScreen.storyboard in Resources */,
				98B470E62B0B7CA2003D77D4 /* Assets.xcassets in Resources */,
				98B470E42B0B7C9F003D77D4 /* Main.storyboard in Resources */,
			);
			runOnlyForDeploymentPostprocessing = 0;
		};
/* End PBXResourcesBuildPhase section */

/* Begin PBXSourcesBuildPhase section */
		98B470D52B0B7C9F003D77D4 /* Sources */ = {
			isa = PBXSourcesBuildPhase;
			buildActionMask = 2147483647;
			files = (
				98B470F52B0CCB32003D77D4 /* CustomTableViewCell.swift in Sources */,
				9828600E2B173276004E41F1 /* Spinner.swift in Sources */,
				98B470E12B0B7C9F003D77D4 /* PokemonListViewController.swift in Sources */,
				9854E97E2B10B08E0088DCE7 /* PokemonDetailViewController.swift in Sources */,
				9828600C2B166A2F004E41F1 /* UIImage+Extension.swift in Sources */,
				98B470DD2B0B7C9F003D77D4 /* AppDelegate.swift in Sources */,
				98B470F32B0CAB35003D77D4 /* Pokemon.swift in Sources */,
				98B470DF2B0B7C9F003D77D4 /* SceneDelegate.swift in Sources */,
				98B470F12B0CA93B003D77D4 /* PokemonManager.swift in Sources */,
			);
			runOnlyForDeploymentPostprocessing = 0;
		};
/* End PBXSourcesBuildPhase section */

/* Begin PBXVariantGroup section */
		98B470E22B0B7C9F003D77D4 /* Main.storyboard */ = {
			isa = PBXVariantGroup;
			children = (
				98B470E32B0B7C9F003D77D4 /* Base */,
			);
			name = Main.storyboard;
			sourceTree = "<group>";
		};
		98B470E72B0B7CA2003D77D4 /* LaunchScreen.storyboard */ = {
			isa = PBXVariantGroup;
			children = (
				98B470E82B0B7CA2003D77D4 /* Base */,
			);
			name = LaunchScreen.storyboard;
			sourceTree = "<group>";
		};
/* End PBXVariantGroup section */

/* Begin XCBuildConfiguration section */
		98B470EB2B0B7CA2003D77D4 /* Debug */ = {
			isa = XCBuildConfiguration;
			buildSettings = {
				ALWAYS_SEARCH_USER_PATHS = NO;
				CLANG_ANALYZER_NONNULL = YES;
				CLANG_ANALYZER_NUMBER_OBJECT_CONVERSION = YES_AGGRESSIVE;
				CLANG_CXX_LANGUAGE_STANDARD = "gnu++20";
				CLANG_ENABLE_MODULES = YES;
				CLANG_ENABLE_OBJC_ARC = YES;
				CLANG_ENABLE_OBJC_WEAK = YES;
				CLANG_WARN_BLOCK_CAPTURE_AUTORELEASING = YES;
				CLANG_WARN_BOOL_CONVERSION = YES;
				CLANG_WARN_COMMA = YES;
				CLANG_WARN_CONSTANT_CONVERSION = YES;
				CLANG_WARN_DEPRECATED_OBJC_IMPLEMENTATIONS = YES;
				CLANG_WARN_DIRECT_OBJC_ISA_USAGE = YES_ERROR;
				CLANG_WARN_DOCUMENTATION_COMMENTS = YES;
				CLANG_WARN_EMPTY_BODY = YES;
				CLANG_WARN_ENUM_CONVERSION = YES;
				CLANG_WARN_INFINITE_RECURSION = YES;
				CLANG_WARN_INT_CONVERSION = YES;
				CLANG_WARN_NON_LITERAL_NULL_CONVERSION = YES;
				CLANG_WARN_OBJC_IMPLICIT_RETAIN_SELF = YES;
				CLANG_WARN_OBJC_LITERAL_CONVERSION = YES;
				CLANG_WARN_OBJC_ROOT_CLASS = YES_ERROR;
				CLANG_WARN_QUOTED_INCLUDE_IN_FRAMEWORK_HEADER = YES;
				CLANG_WARN_RANGE_LOOP_ANALYSIS = YES;
				CLANG_WARN_STRICT_PROTOTYPES = YES;
				CLANG_WARN_SUSPICIOUS_MOVE = YES;
				CLANG_WARN_UNGUARDED_AVAILABILITY = YES_AGGRESSIVE;
				CLANG_WARN_UNREACHABLE_CODE = YES;
				CLANG_WARN__DUPLICATE_METHOD_MATCH = YES;
				COPY_PHASE_STRIP = NO;
				DEBUG_INFORMATION_FORMAT = dwarf;
				ENABLE_STRICT_OBJC_MSGSEND = YES;
				ENABLE_TESTABILITY = YES;
				GCC_C_LANGUAGE_STANDARD = gnu11;
				GCC_DYNAMIC_NO_PIC = NO;
				GCC_NO_COMMON_BLOCKS = YES;
				GCC_OPTIMIZATION_LEVEL = 0;
				GCC_PREPROCESSOR_DEFINITIONS = (
					"DEBUG=1",
					"$(inherited)",
				);
				GCC_WARN_64_TO_32_BIT_CONVERSION = YES;
				GCC_WARN_ABOUT_RETURN_TYPE = YES_ERROR;
				GCC_WARN_UNDECLARED_SELECTOR = YES;
				GCC_WARN_UNINITIALIZED_AUTOS = YES_AGGRESSIVE;
				GCC_WARN_UNUSED_FUNCTION = YES;
				GCC_WARN_UNUSED_VARIABLE = YES;
				IPHONEOS_DEPLOYMENT_TARGET = 16.4;
				MTL_ENABLE_DEBUG_INFO = INCLUDE_SOURCE;
				MTL_FAST_MATH = YES;
				ONLY_ACTIVE_ARCH = YES;
				SDKROOT = iphoneos;
				SWIFT_ACTIVE_COMPILATION_CONDITIONS = DEBUG;
				SWIFT_OPTIMIZATION_LEVEL = "-Onone";
			};
			name = Debug;
		};
		98B470EC2B0B7CA2003D77D4 /* Release */ = {
			isa = XCBuildConfiguration;
			buildSettings = {
				ALWAYS_SEARCH_USER_PATHS = NO;
				CLANG_ANALYZER_NONNULL = YES;
				CLANG_ANALYZER_NUMBER_OBJECT_CONVERSION = YES_AGGRESSIVE;
				CLANG_CXX_LANGUAGE_STANDARD = "gnu++20";
				CLANG_ENABLE_MODULES = YES;
				CLANG_ENABLE_OBJC_ARC = YES;
				CLANG_ENABLE_OBJC_WEAK = YES;
				CLANG_WARN_BLOCK_CAPTURE_AUTORELEASING = YES;
				CLANG_WARN_BOOL_CONVERSION = YES;
				CLANG_WARN_COMMA = YES;
				CLANG_WARN_CONSTANT_CONVERSION = YES;
				CLANG_WARN_DEPRECATED_OBJC_IMPLEMENTATIONS = YES;
				CLANG_WARN_DIRECT_OBJC_ISA_USAGE = YES_ERROR;
				CLANG_WARN_DOCUMENTATION_COMMENTS = YES;
				CLANG_WARN_EMPTY_BODY = YES;
				CLANG_WARN_ENUM_CONVERSION = YES;
				CLANG_WARN_INFINITE_RECURSION = YES;
				CLANG_WARN_INT_CONVERSION = YES;
				CLANG_WARN_NON_LITERAL_NULL_CONVERSION = YES;
				CLANG_WARN_OBJC_IMPLICIT_RETAIN_SELF = YES;
				CLANG_WARN_OBJC_LITERAL_CONVERSION = YES;
				CLANG_WARN_OBJC_ROOT_CLASS = YES_ERROR;
				CLANG_WARN_QUOTED_INCLUDE_IN_FRAMEWORK_HEADER = YES;
				CLANG_WARN_RANGE_LOOP_ANALYSIS = YES;
				CLANG_WARN_STRICT_PROTOTYPES = YES;
				CLANG_WARN_SUSPICIOUS_MOVE = YES;
				CLANG_WARN_UNGUARDED_AVAILABILITY = YES_AGGRESSIVE;
				CLANG_WARN_UNREACHABLE_CODE = YES;
				CLANG_WARN__DUPLICATE_METHOD_MATCH = YES;
				COPY_PHASE_STRIP = NO;
				DEBUG_INFORMATION_FORMAT = "dwarf-with-dsym";
				ENABLE_NS_ASSERTIONS = NO;
				ENABLE_STRICT_OBJC_MSGSEND = YES;
				GCC_C_LANGUAGE_STANDARD = gnu11;
				GCC_NO_COMMON_BLOCKS = YES;
				GCC_WARN_64_TO_32_BIT_CONVERSION = YES;
				GCC_WARN_ABOUT_RETURN_TYPE = YES_ERROR;
				GCC_WARN_UNDECLARED_SELECTOR = YES;
				GCC_WARN_UNINITIALIZED_AUTOS = YES_AGGRESSIVE;
				GCC_WARN_UNUSED_FUNCTION = YES;
				GCC_WARN_UNUSED_VARIABLE = YES;
				IPHONEOS_DEPLOYMENT_TARGET = 16.4;
				MTL_ENABLE_DEBUG_INFO = NO;
				MTL_FAST_MATH = YES;
				SDKROOT = iphoneos;
				SWIFT_COMPILATION_MODE = wholemodule;
				SWIFT_OPTIMIZATION_LEVEL = "-O";
				VALIDATE_PRODUCT = YES;
			};
			name = Release;
		};
		98B470EE2B0B7CA2003D77D4 /* Debug */ = {
			isa = XCBuildConfiguration;
			buildSettings = {
				ASSETCATALOG_COMPILER_APPICON_NAME = AppIcon;
				ASSETCATALOG_COMPILER_GLOBAL_ACCENT_COLOR_NAME = AccentColor;
				ASSETCATALOG_COMPILER_INCLUDE_ALL_APPICON_ASSETS = NO;
				CODE_SIGN_STYLE = Automatic;
				CURRENT_PROJECT_VERSION = 1;
				DEVELOPMENT_TEAM = SH64RJU89Y;
				GENERATE_INFOPLIST_FILE = YES;
				INFOPLIST_FILE = "Pokedex Alberto/Info.plist";
				INFOPLIST_KEY_UIApplicationSupportsIndirectInputEvents = YES;
				INFOPLIST_KEY_UILaunchStoryboardName = LaunchScreen;
				INFOPLIST_KEY_UIMainStoryboardFile = Main;
				INFOPLIST_KEY_UISupportedInterfaceOrientations_iPad = "UIInterfaceOrientationPortrait UIInterfaceOrientationPortraitUpsideDown UIInterfaceOrientationLandscapeLeft UIInterfaceOrientationLandscapeRight";
				INFOPLIST_KEY_UISupportedInterfaceOrientations_iPhone = "UIInterfaceOrientationPortrait UIInterfaceOrientationLandscapeLeft UIInterfaceOrientationLandscapeRight";
				IPHONEOS_DEPLOYMENT_TARGET = 15.3;
				LD_RUNPATH_SEARCH_PATHS = (
					"$(inherited)",
					"@executable_path/Frameworks",
				);
				MARKETING_VERSION = 1.0;
				PRODUCT_BUNDLE_IDENTIFIER = "com.jcarrasco.Pokedex-Alberto";
				PRODUCT_NAME = "$(TARGET_NAME)";
				SWIFT_EMIT_LOC_STRINGS = YES;
				SWIFT_VERSION = 5.0;
				TARGETED_DEVICE_FAMILY = "1,2";
			};
			name = Debug;
		};
		98B470EF2B0B7CA2003D77D4 /* Release */ = {
			isa = XCBuildConfiguration;
			buildSettings = {
				ASSETCATALOG_COMPILER_APPICON_NAME = AppIcon;
				ASSETCATALOG_COMPILER_GLOBAL_ACCENT_COLOR_NAME = AccentColor;
				ASSETCATALOG_COMPILER_INCLUDE_ALL_APPICON_ASSETS = NO;
				CODE_SIGN_STYLE = Automatic;
				CURRENT_PROJECT_VERSION = 1;
				DEVELOPMENT_TEAM = SH64RJU89Y;
				GENERATE_INFOPLIST_FILE = YES;
				INFOPLIST_FILE = "Pokedex Alberto/Info.plist";
				INFOPLIST_KEY_UIApplicationSupportsIndirectInputEvents = YES;
				INFOPLIST_KEY_UILaunchStoryboardName = LaunchScreen;
				INFOPLIST_KEY_UIMainStoryboardFile = Main;
				INFOPLIST_KEY_UISupportedInterfaceOrientations_iPad = "UIInterfaceOrientationPortrait UIInterfaceOrientationPortraitUpsideDown UIInterfaceOrientationLandscapeLeft UIInterfaceOrientationLandscapeRight";
				INFOPLIST_KEY_UISupportedInterfaceOrientations_iPhone = "UIInterfaceOrientationPortrait UIInterfaceOrientationLandscapeLeft UIInterfaceOrientationLandscapeRight";
				IPHONEOS_DEPLOYMENT_TARGET = 15.3;
				LD_RUNPATH_SEARCH_PATHS = (
					"$(inherited)",
					"@executable_path/Frameworks",
				);
				MARKETING_VERSION = 1.0;
				PRODUCT_BUNDLE_IDENTIFIER = "com.jcarrasco.Pokedex-Alberto";
				PRODUCT_NAME = "$(TARGET_NAME)";
				SWIFT_EMIT_LOC_STRINGS = YES;
				SWIFT_VERSION = 5.0;
				TARGETED_DEVICE_FAMILY = "1,2";
			};
			name = Release;
		};
/* End XCBuildConfiguration section */

/* Begin XCConfigurationList section */
		98B470D42B0B7C9F003D77D4 /* Build configuration list for PBXProject "Pokedex Alberto" */ = {
			isa = XCConfigurationList;
			buildConfigurations = (
				98B470EB2B0B7CA2003D77D4 /* Debug */,
				98B470EC2B0B7CA2003D77D4 /* Release */,
			);
			defaultConfigurationIsVisible = 0;
			defaultConfigurationName = Release;
		};
		98B470ED2B0B7CA2003D77D4 /* Build configuration list for PBXNativeTarget "Pokedex Alberto" */ = {
			isa = XCConfigurationList;
			buildConfigurations = (
				98B470EE2B0B7CA2003D77D4 /* Debug */,
				98B470EF2B0B7CA2003D77D4 /* Release */,
			);
			defaultConfigurationIsVisible = 0;
			defaultConfigurationName = Release;
		};
/* End XCConfigurationList section */
	};
	rootObject = 98B470D12B0B7C9F003D77D4 /* Project object */;
}
